<Solution>
  <Folder Name="/src/">
    <Project Path="src/GameBoy.Debug.Core/GameBoy.Debug.Core.csproj" />
    <Project Path="src/GameBoy.Debug.Mcp/GameBoy.Debug.Mcp.csproj" />
    <Project Path="src/GameBoy.Debug.SameBoy/GameBoy.Debug.SameBoy.csproj" />
    <Project Path="src/GameBoy.Debug.Symbols/GameBoy.Debug.Symbols.csproj" />
  </Folder>
  <Folder Name="/tests/">
    <Project Path="tests/GameBoy.Debug.Tests/GameBoy.Debug.Tests.csproj" />
  </Folder>
</Solution>
